
Microsoft Visual Studio Solution File, Format Version 12.00
# Visual Studio Express 2012 for Windows Desktop
Project("{FAE04EC0-301F-11D3-BF4B-00C04F79EFBC}") = "01_OddOrEven", "01_OddOrEven\01_OddOrEven.csproj", "{7A041420-4D5F-4DCD-947E-580AD78AB8C2}"
EndProject
Project("{FAE04EC0-301F-11D3-BF4B-00C04F79EFBC}") = "02_DividedBy7And5", "02_DividedBy7And5\02_DividedBy7And5.csproj", "{A70D34C8-EA12-45E4-9C93-F36F76478CF0}"
EndProject
Project("{FAE04EC0-301F-11D3-BF4B-00C04F79EFBC}") = "03_RectagleArea", "03_RectagleArea\03_RectagleArea.csproj", "{2164AB63-B891-40C2-9850-C226645FDFB5}"
EndProject
Project("{FAE04EC0-301F-11D3-BF4B-00C04F79EFBC}") = "04_IfThirdDigitIs7", "04_IfThirdDigitIs7\04_IfThirdDigitIs7.csproj", "{48CE4BAE-4EAB-4DE4-9A97-698C9D27E7BB}"
EndProject
Project("{FAE04EC0-301F-11D3-BF4B-00C04F79EFBC}") = "05_FindingBit3", "05_FindingBit3\05_FindingBit3.csproj", "{46008CCF-AB34-473A-A7F2-2EE0F92CB647}"
EndProject
Project("{FAE04EC0-301F-11D3-BF4B-00C04F79EFBC}") = "06_PointInACircle", "06_PointInACircle\06_PointInACircle.csproj", "{491A98B9-8993-4E06-9113-B97E6EDD6911}"
EndProject
Project("{FAE04EC0-301F-11D3-BF4B-00C04F79EFBC}") = "07_PrimeNumber", "07_PrimeNumber\07_PrimeNumber.csproj", "{D9D97563-351B-4278-A29D-0360889DB6B5}"
EndProject
Project("{FAE04EC0-301F-11D3-BF4B-00C04F79EFBC}") = "08_TrapezoidArea", "08_TrapezoidArea\08_TrapezoidArea.csproj", "{9C50D1AB-1B8A-4A01-B220-D07520A71CA0}"
EndProject
Project("{FAE04EC0-301F-11D3-BF4B-00C04F79EFBC}") = "09_PointInCircleOutOfRectangle", "09_PointInCircleOutOfRectangle\09_PointInCircleOutOfRectangle.csproj", "{74655F8D-68FE-4BC4-98D5-C49E6D473FC5}"
EndProject
Project("{FAE04EC0-301F-11D3-BF4B-00C04F79EFBC}") = "10_BitPosition", "10_BitPosition\10_BitPosition.csproj", "{A04DB9FE-A375-4197-ABD6-1FF1E127F0DD}"
EndProject
Project("{FAE04EC0-301F-11D3-BF4B-00C04F79EFBC}") = "11_ExtractBitFromNumber", "11_ExtractBitFromNumber\11_ExtractBitFromNumber.csproj", "{88F3B8CF-8F7A-4D1C-AE5F-00A6C1744EA8}"
EndProject
Project("{FAE04EC0-301F-11D3-BF4B-00C04F79EFBC}") = "12_SettingBitAtPostion", "12_SettingBitAtPosition\12_SettingBitAtPostion.csproj", "{53CBC808-2F3A-483A-BFA7-8E67B43FAE6E}"
EndProject
Project("{FAE04EC0-301F-11D3-BF4B-00C04F79EFBC}") = "13_ExchangingBits", "13_ExchangingBits\13_ExchangingBits.csproj", "{967146AB-109A-4A64-9B3C-72B07F4C027B}"
EndProject
Project("{FAE04EC0-301F-11D3-BF4B-00C04F79EFBC}") = "14_ExchangingBitsMore", "14_ExchangingBitsMore\14_ExchangingBitsMore.csproj", "{D85FC7F3-F3C4-4FAD-BFCA-BF286BB0218B}"
EndProject
Global
	GlobalSection(SolutionConfigurationPlatforms) = preSolution
		Debug|Any CPU = Debug|Any CPU
		Release|Any CPU = Release|Any CPU
	EndGlobalSection
	GlobalSection(ProjectConfigurationPlatforms) = postSolution
		{7A041420-4D5F-4DCD-947E-580AD78AB8C2}.Debug|Any CPU.ActiveCfg = Debug|Any CPU
		{7A041420-4D5F-4DCD-947E-580AD78AB8C2}.Debug|Any CPU.Build.0 = Debug|Any CPU
		{7A041420-4D5F-4DCD-947E-580AD78AB8C2}.Release|Any CPU.ActiveCfg = Release|Any CPU
		{7A041420-4D5F-4DCD-947E-580AD78AB8C2}.Release|Any CPU.Build.0 = Release|Any CPU
		{A70D34C8-EA12-45E4-9C93-F36F76478CF0}.Debug|Any CPU.ActiveCfg = Debug|Any CPU
		{A70D34C8-EA12-45E4-9C93-F36F76478CF0}.Debug|Any CPU.Build.0 = Debug|Any CPU
		{A70D34C8-EA12-45E4-9C93-F36F76478CF0}.Release|Any CPU.ActiveCfg = Release|Any CPU
		{A70D34C8-EA12-45E4-9C93-F36F76478CF0}.Release|Any CPU.Build.0 = Release|Any CPU
		{2164AB63-B891-40C2-9850-C226645FDFB5}.Debug|Any CPU.ActiveCfg = Debug|Any CPU
		{2164AB63-B891-40C2-9850-C226645FDFB5}.Debug|Any CPU.Build.0 = Debug|Any CPU
		{2164AB63-B891-40C2-9850-C226645FDFB5}.Release|Any CPU.ActiveCfg = Release|Any CPU
		{2164AB63-B891-40C2-9850-C226645FDFB5}.Release|Any CPU.Build.0 = Release|Any CPU
		{48CE4BAE-4EAB-4DE4-9A97-698C9D27E7BB}.Debug|Any CPU.ActiveCfg = Debug|Any CPU
		{48CE4BAE-4EAB-4DE4-9A97-698C9D27E7BB}.Debug|Any CPU.Build.0 = Debug|Any CPU
		{48CE4BAE-4EAB-4DE4-9A97-698C9D27E7BB}.Release|Any CPU.ActiveCfg = Release|Any CPU
		{48CE4BAE-4EAB-4DE4-9A97-698C9D27E7BB}.Release|Any CPU.Build.0 = Release|Any CPU
		{46008CCF-AB34-473A-A7F2-2EE0F92CB647}.Debug|Any CPU.ActiveCfg = Debug|Any CPU
		{46008CCF-AB34-473A-A7F2-2EE0F92CB647}.Debug|Any CPU.Build.0 = Debug|Any CPU
		{46008CCF-AB34-473A-A7F2-2EE0F92CB647}.Release|Any CPU.ActiveCfg = Release|Any CPU
		{46008CCF-AB34-473A-A7F2-2EE0F92CB647}.Release|Any CPU.Build.0 = Release|Any CPU
		{491A98B9-8993-4E06-9113-B97E6EDD6911}.Debug|Any CPU.ActiveCfg = Debug|Any CPU
		{491A98B9-8993-4E06-9113-B97E6EDD6911}.Debug|Any CPU.Build.0 = Debug|Any CPU
		{491A98B9-8993-4E06-9113-B97E6EDD6911}.Release|Any CPU.ActiveCfg = Release|Any CPU
		{491A98B9-8993-4E06-9113-B97E6EDD6911}.Release|Any CPU.Build.0 = Release|Any CPU
		{D9D97563-351B-4278-A29D-0360889DB6B5}.Debug|Any CPU.ActiveCfg = Debug|Any CPU
		{D9D97563-351B-4278-A29D-0360889DB6B5}.Debug|Any CPU.Build.0 = Debug|Any CPU
		{D9D97563-351B-4278-A29D-0360889DB6B5}.Release|Any CPU.ActiveCfg = Release|Any CPU
		{D9D97563-351B-4278-A29D-0360889DB6B5}.Release|Any CPU.Build.0 = Release|Any CPU
		{9C50D1AB-1B8A-4A01-B220-D07520A71CA0}.Debug|Any CPU.ActiveCfg = Debug|Any CPU
		{9C50D1AB-1B8A-4A01-B220-D07520A71CA0}.Debug|Any CPU.Build.0 = Debug|Any CPU
		{9C50D1AB-1B8A-4A01-B220-D07520A71CA0}.Release|Any CPU.ActiveCfg = Release|Any CPU
		{9C50D1AB-1B8A-4A01-B220-D07520A71CA0}.Release|Any CPU.Build.0 = Release|Any CPU
		{74655F8D-68FE-4BC4-98D5-C49E6D473FC5}.Debug|Any CPU.ActiveCfg = Debug|Any CPU
		{74655F8D-68FE-4BC4-98D5-C49E6D473FC5}.Debug|Any CPU.Build.0 = Debug|Any CPU
		{74655F8D-68FE-4BC4-98D5-C49E6D473FC5}.Release|Any CPU.ActiveCfg = Release|Any CPU
		{74655F8D-68FE-4BC4-98D5-C49E6D473FC5}.Release|Any CPU.Build.0 = Release|Any CPU
		{A04DB9FE-A375-4197-ABD6-1FF1E127F0DD}.Debug|Any CPU.ActiveCfg = Debug|Any CPU
		{A04DB9FE-A375-4197-ABD6-1FF1E127F0DD}.Debug|Any CPU.Build.0 = Debug|Any CPU
		{A04DB9FE-A375-4197-ABD6-1FF1E127F0DD}.Release|Any CPU.ActiveCfg = Release|Any CPU
		{A04DB9FE-A375-4197-ABD6-1FF1E127F0DD}.Release|Any CPU.Build.0 = Release|Any CPU
		{88F3B8CF-8F7A-4D1C-AE5F-00A6C1744EA8}.Debug|Any CPU.ActiveCfg = Debug|Any CPU
		{88F3B8CF-8F7A-4D1C-AE5F-00A6C1744EA8}.Debug|Any CPU.Build.0 = Debug|Any CPU
		{88F3B8CF-8F7A-4D1C-AE5F-00A6C1744EA8}.Release|Any CPU.ActiveCfg = Release|Any CPU
		{88F3B8CF-8F7A-4D1C-AE5F-00A6C1744EA8}.Release|Any CPU.Build.0 = Release|Any CPU
		{53CBC808-2F3A-483A-BFA7-8E67B43FAE6E}.Debug|Any CPU.ActiveCfg = Debug|Any CPU
		{53CBC808-2F3A-483A-BFA7-8E67B43FAE6E}.Debug|Any CPU.Build.0 = Debug|Any CPU
		{53CBC808-2F3A-483A-BFA7-8E67B43FAE6E}.Release|Any CPU.ActiveCfg = Release|Any CPU
		{53CBC808-2F3A-483A-BFA7-8E67B43FAE6E}.Release|Any CPU.Build.0 = Release|Any CPU
		{967146AB-109A-4A64-9B3C-72B07F4C027B}.Debug|Any CPU.ActiveCfg = Debug|Any CPU
		{967146AB-109A-4A64-9B3C-72B07F4C027B}.Debug|Any CPU.Build.0 = Debug|Any CPU
		{967146AB-109A-4A64-9B3C-72B07F4C027B}.Release|Any CPU.ActiveCfg = Release|Any CPU
		{967146AB-109A-4A64-9B3C-72B07F4C027B}.Release|Any CPU.Build.0 = Release|Any CPU
		{D85FC7F3-F3C4-4FAD-BFCA-BF286BB0218B}.Debug|Any CPU.ActiveCfg = Debug|Any CPU
		{D85FC7F3-F3C4-4FAD-BFCA-BF286BB0218B}.Debug|Any CPU.Build.0 = Debug|Any CPU
		{D85FC7F3-F3C4-4FAD-BFCA-BF286BB0218B}.Release|Any CPU.ActiveCfg = Release|Any CPU
		{D85FC7F3-F3C4-4FAD-BFCA-BF286BB0218B}.Release|Any CPU.Build.0 = Release|Any CPU
	EndGlobalSection
	GlobalSection(SolutionProperties) = preSolution
		HideSolutionNode = FALSE
	EndGlobalSection
EndGlobal
